
Microsoft Visual Studio Solution File, Format Version 12.00
# Visual Studio 15
Project("{FAE04EC0-301F-11D3-BF4B-00C04F79EFBC}") = "Assembly-CSharp", "Assembly-CSharp.csproj", "{5F846E7F-3016-4ACA-3104-96BCA474A0BE}"
EndProject
Project("{FAE04EC0-301F-11D3-BF4B-00C04F79EFBC}") = "Unity.XR.Interaction.Toolkit.Samples.StarterAssets", "Unity.XR.Interaction.Toolkit.Samples.StarterAssets.csproj", "{F5DFA0F1-D090-0096-C7CF-2CD12785982E}"
EndProject
Project("{FAE04EC0-301F-11D3-BF4B-00C04F79EFBC}") = "Assembly-CSharp-Editor", "Assembly-CSharp-Editor.csproj", "{1706EA41-20AE-45E0-CFEF-F9C530D16033}"
EndProject
Project("{FAE04EC0-301F-11D3-BF4B-00C04F79EFBC}") = "Unity.XR.Interaction.Toolkit.Samples.StarterAssets.Editor", "Unity.XR.Interaction.Toolkit.Samples.StarterAssets.Editor.csproj", "{955E9533-DFE7-20CB-AF22-3D2726B7D469}"
EndProject
Global
	GlobalSection(SolutionConfigurationPlatforms) = preSolution
		Debug|Any CPU = Debug|Any CPU
		Release|Any CPU = Release|Any CPU
	EndGlobalSection
	GlobalSection(ProjectConfigurationPlatforms) = postSolution
		{5F846E7F-3016-4ACA-3104-96BCA474A0BE}.Debug|Any CPU.ActiveCfg = Debug|Any CPU
		{5F846E7F-3016-4ACA-3104-96BCA474A0BE}.Debug|Any CPU.Build.0 = Debug|Any CPU
		{5F846E7F-3016-4ACA-3104-96BCA474A0BE}.Release|Any CPU.ActiveCfg = Release|Any CPU
		{5F846E7F-3016-4ACA-3104-96BCA474A0BE}.Release|Any CPU.Build.0 = Release|Any CPU
		{F5DFA0F1-D090-0096-C7CF-2CD12785982E}.Debug|Any CPU.ActiveCfg = Debug|Any CPU
		{F5DFA0F1-D090-0096-C7CF-2CD12785982E}.Debug|Any CPU.Build.0 = Debug|Any CPU
		{F5DFA0F1-D090-0096-C7CF-2CD12785982E}.Release|Any CPU.ActiveCfg = Release|Any CPU
		{F5DFA0F1-D090-0096-C7CF-2CD12785982E}.Release|Any CPU.Build.0 = Release|Any CPU
		{1706EA41-20AE-45E0-CFEF-F9C530D16033}.Debug|Any CPU.ActiveCfg = Debug|Any CPU
		{1706EA41-20AE-45E0-CFEF-F9C530D16033}.Debug|Any CPU.Build.0 = Debug|Any CPU
		{1706EA41-20AE-45E0-CFEF-F9C530D16033}.Release|Any CPU.ActiveCfg = Release|Any CPU
		{1706EA41-20AE-45E0-CFEF-F9C530D16033}.Release|Any CPU.Build.0 = Release|Any CPU
		{955E9533-DFE7-20CB-AF22-3D2726B7D469}.Debug|Any CPU.ActiveCfg = Debug|Any CPU
		{955E9533-DFE7-20CB-AF22-3D2726B7D469}.Debug|Any CPU.Build.0 = Debug|Any CPU
		{955E9533-DFE7-20CB-AF22-3D2726B7D469}.Release|Any CPU.ActiveCfg = Release|Any CPU
		{955E9533-DFE7-20CB-AF22-3D2726B7D469}.Release|Any CPU.Build.0 = Release|Any CPU
	EndGlobalSection
	GlobalSection(SolutionProperties) = preSolution
		HideSolutionNode = FALSE
	EndGlobalSection
EndGlobal
